// !$*UTF8*$!
{
	archiveVersion = 1;
	classes = {
	};
	objectVersion = 50;
	objects = {

/* Begin PBXBuildFile section */
		60417051232AA3E900EC3BCA /* AppDelegate.swift in Sources */ = {isa = PBXBuildFile; fileRef = 60417050232AA3E900EC3BCA /* AppDelegate.swift */; };
		60417053232AA3E900EC3BCA /* ViewController.swift in Sources */ = {isa = PBXBuildFile; fileRef = 60417052232AA3E900EC3BCA /* ViewController.swift */; };
		60417056232AA3E900EC3BCA /* Main.storyboard in Resources */ = {isa = PBXBuildFile; fileRef = 60417054232AA3E900EC3BCA /* Main.storyboard */; };
		60417058232AA3EA00EC3BCA /* Assets.xcassets in Resources */ = {isa = PBXBuildFile; fileRef = 60417057232AA3EA00EC3BCA /* Assets.xcassets */; };
		6041705B232AA3EA00EC3BCA /* LaunchScreen.storyboard in Resources */ = {isa = PBXBuildFile; fileRef = 60417059232AA3EA00EC3BCA /* LaunchScreen.storyboard */; };
		60417066232AA3EA00EC3BCA /* Person_UITests.swift in Sources */ = {isa = PBXBuildFile; fileRef = 60417065232AA3EA00EC3BCA /* Person_UITests.swift */; };
		60417071232AA3EA00EC3BCA /* Person_UIUITests.swift in Sources */ = {isa = PBXBuildFile; fileRef = 60417070232AA3EA00EC3BCA /* Person_UIUITests.swift */; };
/* End PBXBuildFile section */

/* Begin PBXContainerItemProxy section */
		60417062232AA3EA00EC3BCA /* PBXContainerItemProxy */ = {
			isa = PBXContainerItemProxy;
			containerPortal = 60417045232AA3E900EC3BCA /* Project object */;
			proxyType = 1;
			remoteGlobalIDString = 6041704C232AA3E900EC3BCA;
			remoteInfo = Person_UI;
		};
		6041706D232AA3EA00EC3BCA /* PBXContainerItemProxy */ = {
			isa = PBXContainerItemProxy;
			containerPortal = 60417045232AA3E900EC3BCA /* Project object */;
			proxyType = 1;
			remoteGlobalIDString = 6041704C232AA3E900EC3BCA;
			remoteInfo = Person_UI;
		};
/* End PBXContainerItemProxy section */

/* Begin PBXFileReference section */
		6041704D232AA3E900EC3BCA /* Person_UI.app */ = {isa = PBXFileReference; explicitFileType = wrapper.application; includeInIndex = 0; path = Person_UI.app; sourceTree = BUILT_PRODUCTS_DIR; };
		60417050232AA3E900EC3BCA /* AppDelegate.swift */ = {isa = PBXFileReference; lastKnownFileType = sourcecode.swift; path = AppDelegate.swift; sourceTree = "<group>"; };
		60417052232AA3E900EC3BCA /* ViewController.swift */ = {isa = PBXFileReference; lastKnownFileType = sourcecode.swift; path = ViewController.swift; sourceTree = "<group>"; };
		60417055232AA3E900EC3BCA /* Base */ = {isa = PBXFileReference; lastKnownFileType = file.storyboard; name = Base; path = Base.lproj/Main.storyboard; sourceTree = "<group>"; };
		60417057232AA3EA00EC3BCA /* Assets.xcassets */ = {isa = PBXFileReference; lastKnownFileType = folder.assetcatalog; path = Assets.xcassets; sourceTree = "<group>"; };
		6041705A232AA3EA00EC3BCA /* Base */ = {isa = PBXFileReference; lastKnownFileType = file.storyboard; name = Base; path = Base.lproj/LaunchScreen.storyboard; sourceTree = "<group>"; };
		6041705C232AA3EA00EC3BCA /* Info.plist */ = {isa = PBXFileReference; lastKnownFileType = text.plist.xml; path = Info.plist; sourceTree = "<group>"; };
		60417061232AA3EA00EC3BCA /* Person_UITests.xctest */ = {isa = PBXFileReference; explicitFileType = wrapper.cfbundle; includeInIndex = 0; path = Person_UITests.xctest; sourceTree = BUILT_PRODUCTS_DIR; };
		60417065232AA3EA00EC3BCA /* Person_UITests.swift */ = {isa = PBXFileReference; lastKnownFileType = sourcecode.swift; path = Person_UITests.swift; sourceTree = "<group>"; };
		60417067232AA3EA00EC3BCA /* Info.plist */ = {isa = PBXFileReference; lastKnownFileType = text.plist.xml; path = Info.plist; sourceTree = "<group>"; };
		6041706C232AA3EA00EC3BCA /* Person_UIUITests.xctest */ = {isa = PBXFileReference; explicitFileType = wrapper.cfbundle; includeInIndex = 0; path = Person_UIUITests.xctest; sourceTree = BUILT_PRODUCTS_DIR; };
		60417070232AA3EA00EC3BCA /* Person_UIUITests.swift */ = {isa = PBXFileReference; lastKnownFileType = sourcecode.swift; path = Person_UIUITests.swift; sourceTree = "<group>"; };
		60417072232AA3EA00EC3BCA /* Info.plist */ = {isa = PBXFileReference; lastKnownFileType = text.plist.xml; path = Info.plist; sourceTree = "<group>"; };
/* End PBXFileReference section */

/* Begin PBXFrameworksBuildPhase section */
		6041704A232AA3E900EC3BCA /* Frameworks */ = {
			isa = PBXFrameworksBuildPhase;
			buildActionMask = 2147483647;
			files = (
			);
			runOnlyForDeploymentPostprocessing = 0;
		};
		6041705E232AA3EA00EC3BCA /* Frameworks */ = {
			isa = PBXFrameworksBuildPhase;
			buildActionMask = 2147483647;
			files = (
			);
			runOnlyForDeploymentPostprocessing = 0;
		};
		60417069232AA3EA00EC3BCA /* Frameworks */ = {
			isa = PBXFrameworksBuildPhase;
			buildActionMask = 2147483647;
			files = (
			);
			runOnlyForDeploymentPostprocessing = 0;
		};
/* End PBXFrameworksBuildPhase section */

/* Begin PBXGroup section */
		60417044232AA3E900EC3BCA = {
			isa = PBXGroup;
			children = (
				6041704F232AA3E900EC3BCA /* Person_UI */,
				60417064232AA3EA00EC3BCA /* Person_UITests */,
				6041706F232AA3EA00EC3BCA /* Person_UIUITests */,
				6041704E232AA3E900EC3BCA /* Products */,
			);
			sourceTree = "<group>";
		};
		6041704E232AA3E900EC3BCA /* Products */ = {
			isa = PBXGroup;
			children = (
				6041704D232AA3E900EC3BCA /* Person_UI.app */,
				60417061232AA3EA00EC3BCA /* Person_UITests.xctest */,
				6041706C232AA3EA00EC3BCA /* Person_UIUITests.xctest */,
			);
			name = Products;
			sourceTree = "<group>";
		};
		6041704F232AA3E900EC3BCA /* Person_UI */ = {
			isa = PBXGroup;
			children = (
				60417050232AA3E900EC3BCA /* AppDelegate.swift */,
				60417052232AA3E900EC3BCA /* ViewController.swift */,
				60417054232AA3E900EC3BCA /* Main.storyboard */,
				60417057232AA3EA00EC3BCA /* Assets.xcassets */,
				60417059232AA3EA00EC3BCA /* LaunchScreen.storyboard */,
				6041705C232AA3EA00EC3BCA /* Info.plist */,
			);
			path = Person_UI;
			sourceTree = "<group>";
		};
		60417064232AA3EA00EC3BCA /* Person_UITests */ = {
			isa = PBXGroup;
			children = (
				60417065232AA3EA00EC3BCA /* Person_UITests.swift */,
				60417067232AA3EA00EC3BCA /* Info.plist */,
			);
			path = Person_UITests;
			sourceTree = "<group>";
		};
		6041706F232AA3EA00EC3BCA /* Person_UIUITests */ = {
			isa = PBXGroup;
			children = (
				60417070232AA3EA00EC3BCA /* Person_UIUITests.swift */,
				60417072232AA3EA00EC3BCA /* Info.plist */,
			);
			path = Person_UIUITests;
			sourceTree = "<group>";
		};
/* End PBXGroup section */

/* Begin PBXNativeTarget section */
		6041704C232AA3E900EC3BCA /* Person_UI */ = {
			isa = PBXNativeTarget;
			buildConfigurationList = 60417075232AA3EA00EC3BCA /* Build configuration list for PBXNativeTarget "Person_UI" */;
			buildPhases = (
				60417049232AA3E900EC3BCA /* Sources */,
				6041704A232AA3E900EC3BCA /* Frameworks */,
				6041704B232AA3E900EC3BCA /* Resources */,
			);
			buildRules = (
			);
			dependencies = (
			);
			name = Person_UI;
			productName = Person_UI;
			productReference = 6041704D232AA3E900EC3BCA /* Person_UI.app */;
			productType = "com.apple.product-type.application";
		};
		60417060232AA3EA00EC3BCA /* Person_UITests */ = {
			isa = PBXNativeTarget;
			buildConfigurationList = 60417078232AA3EA00EC3BCA /* Build configuration list for PBXNativeTarget "Person_UITests" */;
			buildPhases = (
				6041705D232AA3EA00EC3BCA /* Sources */,
				6041705E232AA3EA00EC3BCA /* Frameworks */,
				6041705F232AA3EA00EC3BCA /* Resources */,
			);
			buildRules = (
			);
			dependencies = (
				60417063232AA3EA00EC3BCA /* PBXTargetDependency */,
			);
			name = Person_UITests;
			productName = Person_UITests;
			productReference = 60417061232AA3EA00EC3BCA /* Person_UITests.xctest */;
			productType = "com.apple.product-type.bundle.unit-test";
		};
		6041706B232AA3EA00EC3BCA /* Person_UIUITests */ = {
			isa = PBXNativeTarget;
			buildConfigurationList = 6041707B232AA3EA00EC3BCA /* Build configuration list for PBXNativeTarget "Person_UIUITests" */;
			buildPhases = (
				60417068232AA3EA00EC3BCA /* Sources */,
				60417069232AA3EA00EC3BCA /* Frameworks */,
				6041706A232AA3EA00EC3BCA /* Resources */,
			);
			buildRules = (
			);
			dependencies = (
				6041706E232AA3EA00EC3BCA /* PBXTargetDependency */,
			);
			name = Person_UIUITests;
			productName = Person_UIUITests;
			productReference = 6041706C232AA3EA00EC3BCA /* Person_UIUITests.xctest */;
			productType = "com.apple.product-type.bundle.ui-testing";
		};
/* End PBXNativeTarget section */

/* Begin PBXProject section */
		60417045232AA3E900EC3BCA /* Project object */ = {
			isa = PBXProject;
			attributes = {
				LastSwiftUpdateCheck = 1030;
				LastUpgradeCheck = 1030;
				ORGANIZATIONNAME = "Henry McMurray";
				TargetAttributes = {
					6041704C232AA3E900EC3BCA = {
						CreatedOnToolsVersion = 10.3;
					};
					60417060232AA3EA00EC3BCA = {
						CreatedOnToolsVersion = 10.3;
						TestTargetID = 6041704C232AA3E900EC3BCA;
					};
					6041706B232AA3EA00EC3BCA = {
						CreatedOnToolsVersion = 10.3;
						TestTargetID = 6041704C232AA3E900EC3BCA;
					};
				};
			};
			buildConfigurationList = 60417048232AA3E900EC3BCA /* Build configuration list for PBXProject "Person_UI" */;
			compatibilityVersion = "Xcode 9.3";
			developmentRegion = en;
			hasScannedForEncodings = 0;
			knownRegions = (
				en,
				Base,
			);
			mainGroup = 60417044232AA3E900EC3BCA;
			productRefGroup = 6041704E232AA3E900EC3BCA /* Products */;
			projectDirPath = "";
			projectRoot = "";
			targets = (
				6041704C232AA3E900EC3BCA /* Person_UI */,
				60417060232AA3EA00EC3BCA /* Person_UITests */,
				6041706B232AA3EA00EC3BCA /* Person_UIUITests */,
			);
		};
/* End PBXProject section */

/* Begin PBXResourcesBuildPhase section */
		6041704B232AA3E900EC3BCA /* Resources */ = {
			isa = PBXResourcesBuildPhase;
			buildActionMask = 2147483647;
			files = (
				6041705B232AA3EA00EC3BCA /* LaunchScreen.storyboard in Resources */,
				60417058232AA3EA00EC3BCA /* Assets.xcassets in Resources */,
				60417056232AA3E900EC3BCA /* Main.storyboard in Resources */,
			);
			runOnlyForDeploymentPostprocessing = 0;
		};
		6041705F232AA3EA00EC3BCA /* Resources */ = {
			isa = PBXResourcesBuildPhase;
			buildActionMask = 2147483647;
			files = (
			);
			runOnlyForDeploymentPostprocessing = 0;
		};
		6041706A232AA3EA00EC3BCA /* Resources */ = {
			isa = PBXResourcesBuildPhase;
			buildActionMask = 2147483647;
			files = (
			);
			runOnlyForDeploymentPostprocessing = 0;
		};
/* End PBXResourcesBuildPhase section */

/* Begin PBXSourcesBuildPhase section */
		60417049232AA3E900EC3BCA /* Sources */ = {
			isa = PBXSourcesBuildPhase;
			buildActionMask = 2147483647;
			files = (
				60417053232AA3E900EC3BCA /* ViewController.swift in Sources */,
				60417051232AA3E900EC3BCA /* AppDelegate.swift in Sources */,
			);
			runOnlyForDeploymentPostprocessing = 0;
		};
		6041705D232AA3EA00EC3BCA /* Sources */ = {
			isa = PBXSourcesBuildPhase;
			buildActionMask = 2147483647;
			files = (
				60417066232AA3EA00EC3BCA /* Person_UITests.swift in Sources */,
			);
			runOnlyForDeploymentPostprocessing = 0;
		};
		60417068232AA3EA00EC3BCA /* Sources */ = {
			isa = PBXSourcesBuildPhase;
			buildActionMask = 2147483647;
			files = (
				60417071232AA3EA00EC3BCA /* Person_UIUITests.swift in Sources */,
			);
			runOnlyForDeploymentPostprocessing = 0;
		};
/* End PBXSourcesBuildPhase section */

/* Begin PBXTargetDependency section */
		60417063232AA3EA00EC3BCA /* PBXTargetDependency */ = {
			isa = PBXTargetDependency;
			target = 6041704C232AA3E900EC3BCA /* Person_UI */;
			targetProxy = 60417062232AA3EA00EC3BCA /* PBXContainerItemProxy */;
		};
		6041706E232AA3EA00EC3BCA /* PBXTargetDependency */ = {
			isa = PBXTargetDependency;
			target = 6041704C232AA3E900EC3BCA /* Person_UI */;
			targetProxy = 6041706D232AA3EA00EC3BCA /* PBXContainerItemProxy */;
		};
/* End PBXTargetDependency section */

/* Begin PBXVariantGroup section */
		60417054232AA3E900EC3BCA /* Main.storyboard */ = {
			isa = PBXVariantGroup;
			children = (
				60417055232AA3E900EC3BCA /* Base */,
			);
			name = Main.storyboard;
			sourceTree = "<group>";
		};
		60417059232AA3EA00EC3BCA /* LaunchScreen.storyboard */ = {
			isa = PBXVariantGroup;
			children = (
				6041705A232AA3EA00EC3BCA /* Base */,
			);
			name = LaunchScreen.storyboard;
			sourceTree = "<group>";
		};
/* End PBXVariantGroup section */

/* Begin XCBuildConfiguration section */
		60417073232AA3EA00EC3BCA /* Debug */ = {
			isa = XCBuildConfiguration;
			buildSettings = {
				ALWAYS_SEARCH_USER_PATHS = NO;
				CLANG_ANALYZER_NONNULL = YES;
				CLANG_ANALYZER_NUMBER_OBJECT_CONVERSION = YES_AGGRESSIVE;
				CLANG_CXX_LANGUAGE_STANDARD = "gnu++14";
				CLANG_CXX_LIBRARY = "libc++";
				CLANG_ENABLE_MODULES = YES;
				CLANG_ENABLE_OBJC_ARC = YES;
				CLANG_ENABLE_OBJC_WEAK = YES;
				CLANG_WARN_BLOCK_CAPTURE_AUTORELEASING = YES;
				CLANG_WARN_BOOL_CONVERSION = YES;
				CLANG_WARN_COMMA = YES;
				CLANG_WARN_CONSTANT_CONVERSION = YES;
				CLANG_WARN_DEPRECATED_OBJC_IMPLEMENTATIONS = YES;
				CLANG_WARN_DIRECT_OBJC_ISA_USAGE = YES_ERROR;
				CLANG_WARN_DOCUMENTATION_COMMENTS = YES;
				CLANG_WARN_EMPTY_BODY = YES;
				CLANG_WARN_ENUM_CONVERSION = YES;
				CLANG_WARN_INFINITE_RECURSION = YES;
				CLANG_WARN_INT_CONVERSION = YES;
				CLANG_WARN_NON_LITERAL_NULL_CONVERSION = YES;
				CLANG_WARN_OBJC_IMPLICIT_RETAIN_SELF = YES;
				CLANG_WARN_OBJC_LITERAL_CONVERSION = YES;
				CLANG_WARN_OBJC_ROOT_CLASS = YES_ERROR;
				CLANG_WARN_RANGE_LOOP_ANALYSIS = YES;
				CLANG_WARN_STRICT_PROTOTYPES = YES;
				CLANG_WARN_SUSPICIOUS_MOVE = YES;
				CLANG_WARN_UNGUARDED_AVAILABILITY = YES_AGGRESSIVE;
				CLANG_WARN_UNREACHABLE_CODE = YES;
				CLANG_WARN__DUPLICATE_METHOD_MATCH = YES;
				CODE_SIGN_IDENTITY = "iPhone Developer";
				COPY_PHASE_STRIP = NO;
				DEBUG_INFORMATION_FORMAT = dwarf;
				ENABLE_STRICT_OBJC_MSGSEND = YES;
				ENABLE_TESTABILITY = YES;
				GCC_C_LANGUAGE_STANDARD = gnu11;
				GCC_DYNAMIC_NO_PIC = NO;
				GCC_NO_COMMON_BLOCKS = YES;
				GCC_OPTIMIZATION_LEVEL = 0;
				GCC_PREPROCESSOR_DEFINITIONS = (
					"DEBUG=1",
					"$(inherited)",
				);
				GCC_WARN_64_TO_32_BIT_CONVERSION = YES;
				GCC_WARN_ABOUT_RETURN_TYPE = YES_ERROR;
				GCC_WARN_UNDECLARED_SELECTOR = YES;
				GCC_WARN_UNINITIALIZED_AUTOS = YES_AGGRESSIVE;
				GCC_WARN_UNUSED_FUNCTION = YES;
				GCC_WARN_UNUSED_VARIABLE = YES;
				IPHONEOS_DEPLOYMENT_TARGET = 12.4;
				MTL_ENABLE_DEBUG_INFO = INCLUDE_SOURCE;
				MTL_FAST_MATH = YES;
				ONLY_ACTIVE_ARCH = YES;
				SDKROOT = iphoneos;
				SWIFT_ACTIVE_COMPILATION_CONDITIONS = DEBUG;
				SWIFT_OPTIMIZATION_LEVEL = "-Onone";
			};
			name = Debug;
		};
		60417074232AA3EA00EC3BCA /* Release */ = {
			isa = XCBuildConfiguration;
			buildSettings = {
				ALWAYS_SEARCH_USER_PATHS = NO;
				CLANG_ANALYZER_NONNULL = YES;
				CLANG_ANALYZER_NUMBER_OBJECT_CONVERSION = YES_AGGRESSIVE;
				CLANG_CXX_LANGUAGE_STANDARD = "gnu++14";
				CLANG_CXX_LIBRARY = "libc++";
				CLANG_ENABLE_MODULES = YES;
				CLANG_ENABLE_OBJC_ARC = YES;
				CLANG_ENABLE_OBJC_WEAK = YES;
				CLANG_WARN_BLOCK_CAPTURE_AUTORELEASING = YES;
				CLANG_WARN_BOOL_CONVERSION = YES;
				CLANG_WARN_COMMA = YES;
				CLANG_WARN_CONSTANT_CONVERSION = YES;
				CLANG_WARN_DEPRECATED_OBJC_IMPLEMENTATIONS = YES;
				CLANG_WARN_DIRECT_OBJC_ISA_USAGE = YES_ERROR;
				CLANG_WARN_DOCUMENTATION_COMMENTS = YES;
				CLANG_WARN_EMPTY_BODY = YES;
				CLANG_WARN_ENUM_CONVERSION = YES;
				CLANG_WARN_INFINITE_RECURSION = YES;
				CLANG_WARN_INT_CONVERSION = YES;
				CLANG_WARN_NON_LITERAL_NULL_CONVERSION = YES;
				CLANG_WARN_OBJC_IMPLICIT_RETAIN_SELF = YES;
				CLANG_WARN_OBJC_LITERAL_CONVERSION = YES;
				CLANG_WARN_OBJC_ROOT_CLASS = YES_ERROR;
				CLANG_WARN_RANGE_LOOP_ANALYSIS = YES;
				CLANG_WARN_STRICT_PROTOTYPES = YES;
				CLANG_WARN_SUSPICIOUS_MOVE = YES;
				CLANG_WARN_UNGUARDED_AVAILABILITY = YES_AGGRESSIVE;
				CLANG_WARN_UNREACHABLE_CODE = YES;
				CLANG_WARN__DUPLICATE_METHOD_MATCH = YES;
				CODE_SIGN_IDENTITY = "iPhone Developer";
				COPY_PHASE_STRIP = NO;
				DEBUG_INFORMATION_FORMAT = "dwarf-with-dsym";
				ENABLE_NS_ASSERTIONS = NO;
				ENABLE_STRICT_OBJC_MSGSEND = YES;
				GCC_C_LANGUAGE_STANDARD = gnu11;
				GCC_NO_COMMON_BLOCKS = YES;
				GCC_WARN_64_TO_32_BIT_CONVERSION = YES;
				GCC_WARN_ABOUT_RETURN_TYPE = YES_ERROR;
				GCC_WARN_UNDECLARED_SELECTOR = YES;
				GCC_WARN_UNINITIALIZED_AUTOS = YES_AGGRESSIVE;
				GCC_WARN_UNUSED_FUNCTION = YES;
				GCC_WARN_UNUSED_VARIABLE = YES;
				IPHONEOS_DEPLOYMENT_TARGET = 12.4;
				MTL_ENABLE_DEBUG_INFO = NO;
				MTL_FAST_MATH = YES;
				SDKROOT = iphoneos;
				SWIFT_COMPILATION_MODE = wholemodule;
				SWIFT_OPTIMIZATION_LEVEL = "-O";
				VALIDATE_PRODUCT = YES;
			};
			name = Release;
		};
		60417076232AA3EA00EC3BCA /* Debug */ = {
			isa = XCBuildConfiguration;
			buildSettings = {
				ASSETCATALOG_COMPILER_APPICON_NAME = AppIcon;
				CODE_SIGN_STYLE = Automatic;
				DEVELOPMENT_TEAM = 8W8X79BM6J;
				INFOPLIST_FILE = Person_UI/Info.plist;
				LD_RUNPATH_SEARCH_PATHS = (
					"$(inherited)",
					"@executable_path/Frameworks",
				);
				PRODUCT_BUNDLE_IDENTIFIER = "edu.missouri.infotech.Person-UI";
				PRODUCT_NAME = "$(TARGET_NAME)";
				SWIFT_VERSION = 5.0;
				TARGETED_DEVICE_FAMILY = "1,2";
			};
			name = Debug;
		};
		60417077232AA3EA00EC3BCA /* Release */ = {
			isa = XCBuildConfiguration;
			buildSettings = {
				ASSETCATALOG_COMPILER_APPICON_NAME = AppIcon;
				CODE_SIGN_STYLE = Automatic;
				DEVELOPMENT_TEAM = 8W8X79BM6J;
				INFOPLIST_FILE = Person_UI/Info.plist;
				LD_RUNPATH_SEARCH_PATHS = (
					"$(inherited)",
					"@executable_path/Frameworks",
				);
				PRODUCT_BUNDLE_IDENTIFIER = "edu.missouri.infotech.Person-UI";
				PRODUCT_NAME = "$(TARGET_NAME)";
				SWIFT_VERSION = 5.0;
				TARGETED_DEVICE_FAMILY = "1,2";
			};
			name = Release;
		};
		60417079232AA3EA00EC3BCA /* Debug */ = {
			isa = XCBuildConfiguration;
			buildSettings = {
				ALWAYS_EMBED_SWIFT_STANDARD_LIBRARIES = YES;
				BUNDLE_LOADER = "$(TEST_HOST)";
				CODE_SIGN_STYLE = Automatic;
				DEVELOPMENT_TEAM = 8W8X79BM6J;
				INFOPLIST_FILE = Person_UITests/Info.plist;
				LD_RUNPATH_SEARCH_PATHS = (
					"$(inherited)",
					"@executable_path/Frameworks",
					"@loader_path/Frameworks",
				);
				PRODUCT_BUNDLE_IDENTIFIER = "edu.missouri.infotech.Person-UITests";
				PRODUCT_NAME = "$(TARGET_NAME)";
				SWIFT_VERSION = 5.0;
				TARGETED_DEVICE_FAMILY = "1,2";
				TEST_HOST = "$(BUILT_PRODUCTS_DIR)/Person_UI.app/Person_UI";
			};
			name = Debug;
		};
		6041707A232AA3EA00EC3BCA /* Release */ = {
			isa = XCBuildConfiguration;
			buildSettings = {
				ALWAYS_EMBED_SWIFT_STANDARD_LIBRARIES = YES;
				BUNDLE_LOADER = "$(TEST_HOST)";
				CODE_SIGN_STYLE = Automatic;
				DEVELOPMENT_TEAM = 8W8X79BM6J;
				INFOPLIST_FILE = Person_UITests/Info.plist;
				LD_RUNPATH_SEARCH_PATHS = (
					"$(inherited)",
					"@executable_path/Frameworks",
					"@loader_path/Frameworks",
				);
				PRODUCT_BUNDLE_IDENTIFIER = "edu.missouri.infotech.Person-UITests";
				PRODUCT_NAME = "$(TARGET_NAME)";
				SWIFT_VERSION = 5.0;
				TARGETED_DEVICE_FAMILY = "1,2";
				TEST_HOST = "$(BUILT_PRODUCTS_DIR)/Person_UI.app/Person_UI";
			};
			name = Release;
		};
		6041707C232AA3EA00EC3BCA /* Debug */ = {
			isa = XCBuildConfiguration;
			buildSettings = {
				ALWAYS_EMBED_SWIFT_STANDARD_LIBRARIES = YES;
				CODE_SIGN_STYLE = Automatic;
				DEVELOPMENT_TEAM = 8W8X79BM6J;
				INFOPLIST_FILE = Person_UIUITests/Info.plist;
				LD_RUNPATH_SEARCH_PATHS = (
					"$(inherited)",
					"@executable_path/Frameworks",
					"@loader_path/Frameworks",
				);
				PRODUCT_BUNDLE_IDENTIFIER = "edu.missouri.infotech.Person-UIUITests";
				PRODUCT_NAME = "$(TARGET_NAME)";
				SWIFT_VERSION = 5.0;
				TARGETED_DEVICE_FAMILY = "1,2";
				TEST_TARGET_NAME = Person_UI;
			};
			name = Debug;
		};
		6041707D232AA3EA00EC3BCA /* Release */ = {
			isa = XCBuildConfiguration;
			buildSettings = {
				ALWAYS_EMBED_SWIFT_STANDARD_LIBRARIES = YES;
				CODE_SIGN_STYLE = Automatic;
				DEVELOPMENT_TEAM = 8W8X79BM6J;
				INFOPLIST_FILE = Person_UIUITests/Info.plist;
				LD_RUNPATH_SEARCH_PATHS = (
					"$(inherited)",
					"@executable_path/Frameworks",
					"@loader_path/Frameworks",
				);
				PRODUCT_BUNDLE_IDENTIFIER = "edu.missouri.infotech.Person-UIUITests";
				PRODUCT_NAME = "$(TARGET_NAME)";
				SWIFT_VERSION = 5.0;
				TARGETED_DEVICE_FAMILY = "1,2";
				TEST_TARGET_NAME = Person_UI;
			};
			name = Release;
		};
/* End XCBuildConfiguration section */

/* Begin XCConfigurationList section */
		60417048232AA3E900EC3BCA /* Build configuration list for PBXProject "Person_UI" */ = {
			isa = XCConfigurationList;
			buildConfigurations = (
				60417073232AA3EA00EC3BCA /* Debug */,
				60417074232AA3EA00EC3BCA /* Release */,
			);
			defaultConfigurationIsVisible = 0;
			defaultConfigurationName = Release;
		};
		60417075232AA3EA00EC3BCA /* Build configuration list for PBXNativeTarget "Person_UI" */ = {
			isa = XCConfigurationList;
			buildConfigurations = (
				60417076232AA3EA00EC3BCA /* Debug */,
				60417077232AA3EA00EC3BCA /* Release */,
			);
			defaultConfigurationIsVisible = 0;
			defaultConfigurationName = Release;
		};
		60417078232AA3EA00EC3BCA /* Build configuration list for PBXNativeTarget "Person_UITests" */ = {
			isa = XCConfigurationList;
			buildConfigurations = (
				60417079232AA3EA00EC3BCA /* Debug */,
				6041707A232AA3EA00EC3BCA /* Release */,
			);
			defaultConfigurationIsVisible = 0;
			defaultConfigurationName = Release;
		};
		6041707B232AA3EA00EC3BCA /* Build configuration list for PBXNativeTarget "Person_UIUITests" */ = {
			isa = XCConfigurationList;
			buildConfigurations = (
				6041707C232AA3EA00EC3BCA /* Debug */,
				6041707D232AA3EA00EC3BCA /* Release */,
			);
			defaultConfigurationIsVisible = 0;
			defaultConfigurationName = Release;
		};
/* End XCConfigurationList section */
	};
	rootObject = 60417045232AA3E900EC3BCA /* Project object */;
}
